# THIS IS AN AUTOGENERATED FILE. DO NOT EDIT THIS FILE DIRECTLY.
assets/AjaxLoader.gif:
  development: 2018-07-06T13:47:37+08:00   5b8b06c052cac80413d62e5c45f9f37b
assets/grabbing.png:
  development: 2018-07-06T13:47:37+08:00   d817e1dba5bd5d891d0504bf1715807b
assets/jquery.currencies.min.js:
  development: 2018-07-06T13:47:38+08:00   fbda3f892f5bfe99013e90c545ecef31
assets/lazysizes.min.js:
  development: 2018-07-06T13:47:38+08:00   2f3b804f423208dca6b029dda898d7c9
assets/password-page-background.jpg:
  development: 2018-07-06T13:47:38+08:00   4d5821272f875e5c11dd3a8c8e1d6133
assets/ronald_custom.scss.liquid:
  development: 2018-07-06T22:27:58+08:00   1b3549d775fcf3a101d59e04658550af
assets/ronald_nav.scss.liquid:
  development: 2018-07-09T13:39:16+08:00   db71a8f0643b432a0d6fbbbd065d7858
assets/ronald_outofstock.scss.liquid:
  development: 2018-07-09T14:14:49+08:00   6db654ed948218fbfa8f7db5e94da279
assets/styles.gift-card.scss.liquid:
  development: 2018-07-06T13:47:38+08:00   a26e301fddb7ff3cf00cb2138eda947b
assets/theme.js:
  development: 2018-07-06T13:47:38+08:00   5e2cdeeee8ba07585658ee3deb5cde96
assets/theme.min.js:
  development: 2018-07-06T13:47:39+08:00   ab8d4294586e40d2f4db6ec5ae1fda81
assets/theme.scss.liquid:
  development: 2018-07-06T13:47:39+08:00   4da3cc9f93aaa710bc1b1f6fea3fc05c
assets/transparent-1x1.png:
  development: 2018-07-06T13:47:39+08:00   978c1bee49d7ad5fc1a4d81099b13e18
config/settings_data.json:
  development: 2018-07-06T13:47:43+08:00   7237fb82fc6bd8aea1af6a8104e88e6e
config/settings_schema.json:
  development: 2018-07-06T13:47:42+08:00   e53d12949ed1189a75f1f0d9cc71b9d1
layout/SWYM_BACKUP_theme.liquid:
  development: 2018-07-06T13:47:39+08:00   abbe45ba24961079c5d529a7e600e94b
layout/theme.liquid:
  development: 2018-07-09T13:32:48+08:00   b62538ce4e6ab3c6f4d24a1cb7d6cc63
locales/en.default.json:
  development: 2018-07-06T13:47:40+08:00   4a8efcd2d6b554bd77135f5831b87066
sections/article.liquid:
  development: 2018-07-06T13:47:36+08:00   27de23057c83eb082d6bd3277a67ad59
sections/blog.liquid:
  development: 2018-07-06T13:47:36+08:00   7aec190825010ce62b8f91ec579d46a9
sections/cart.liquid:
  development: 2018-07-06T13:47:36+08:00   57d54fe33068ae9fdb56039e1c0e7f90
sections/collection.liquid:
  development: 2018-07-06T13:47:36+08:00   f70c74082301c08abd2b7957dee7c6d2
sections/featured-blog.liquid:
  development: 2018-07-06T13:47:36+08:00   413053ee4ed4c7f2651bfbbde5d559a0
sections/featured-collection.liquid:
  development: 2018-07-06T13:47:36+08:00   d55098613a3c6371eea5f9ad93f5a830
sections/featured-product.liquid:
  development: 2018-07-06T13:47:36+08:00   5d464939ed08bba00fa2aac2c387add6
sections/footer.liquid:
  development: 2018-07-06T13:47:36+08:00   e4c91f81cad0a7461322241d113dd847
sections/framework--custom-content.liquid:
  development: 2018-07-06T13:47:36+08:00   db89c906778722f6a62a546eca327dc2
sections/framework--featured-blog.liquid:
  development: 2018-07-06T13:47:36+08:00   347e266df2682fe22588e1a60db03369
sections/framework--featured-collections.liquid:
  development: 2018-07-06T13:47:37+08:00   1913c24510ae402f777bbb9d3b1b0698
sections/framework--featured-content.liquid:
  development: 2018-07-06T13:47:37+08:00   355853bc6692488c4118ae779e067ee6
sections/framework--featured-grid.liquid:
  development: 2018-07-06T13:47:37+08:00   6f690d481d158acbcf89105263aecb1b
sections/framework--featured-text.liquid:
  development: 2018-07-06T13:47:37+08:00   d20a55ff5989368e1c233b74a7102358
sections/framework--featured-video.liquid:
  development: 2018-07-06T13:47:37+08:00   f0261e6554266df5065c378481f68497
sections/framework--instagram.liquid:
  development: 2018-07-06T13:47:37+08:00   163974ec69407d1d8bcf0b73b15ef13a
sections/framework--map.liquid:
  development: 2018-07-06T13:47:37+08:00   6df791e2189d89e1dd75ce769152cdcc
sections/framework--newsletter.liquid:
  development: 2018-07-06T13:47:37+08:00   7b70a280e462e540503dff8d69ba3b4c
sections/header.liquid:
  development: 2018-07-06T13:47:37+08:00   de6bfd99d6cd3d6d508b1154686ff6e1
sections/pages.liquid:
  development: 2018-07-06T13:47:37+08:00   4027e7fc8eff6bf9ddc7e026caf38878
sections/password.liquid:
  development: 2018-07-06T13:47:37+08:00   8b0ed4fd1f95c864ca6aa9e7dbaf3f6e
sections/product.liquid:
  development: 2018-07-09T14:10:56+08:00   73101b938641d1f2c796ff61fb600270
sections/slideshow.liquid:
  development: 2018-07-06T13:47:37+08:00   3c943a06e6b4a4850a9cc06e9035c914
snippets/custom-styles.liquid:
  development: 2018-07-06T13:47:40+08:00   f2d9e0dd19323f3fbbfa69f21f772ada
snippets/framework--background-colors.liquid:
  development: 2018-07-06T13:47:40+08:00   7a3355a061d75a2949d7c67154375618
snippets/framework--breadcrumbs.liquid:
  development: 2018-07-06T13:47:40+08:00   da9fa277ef99123246ef2a32798bc67c
snippets/framework--cart.liquid:
  development: 2018-07-06T13:47:40+08:00   d2fc19ba8b7cf805ec45609eafb55166
snippets/framework--feedback-bar.liquid:
  development: 2018-07-06T13:47:40+08:00   4592d6237ac3f40a46d1124ca12ef058
snippets/framework--icon.liquid:
  development: 2018-07-06T13:47:40+08:00   d5b7a89b1e6d747d54142d389b62c247
snippets/framework--image.liquid:
  development: 2018-07-06T22:18:33+08:00   3bb7b2d89c77508edf74cbe46a57c043
snippets/framework--logo.liquid:
  development: 2018-07-06T13:47:40+08:00   aef2ac772f03ed8afcd4ebce539474ea
snippets/framework--pagination.liquid:
  development: 2018-07-06T13:47:40+08:00   016dc919cb18e635ab2045fd11feb8f5
snippets/framework--payment-icons.liquid:
  development: 2018-07-06T13:47:40+08:00   b2d43052746be13b37a13713af5b3b06
snippets/framework--placeholder.liquid:
  development: 2018-07-06T13:47:40+08:00   1bbf410d85c8e2272ddc30806fb327b2
snippets/framework--search.liquid:
  development: 2018-07-06T13:47:40+08:00   9171cc7c542310049f1cd66190be7a87
snippets/framework--social-meta-tags.liquid:
  development: 2018-07-06T13:47:40+08:00   a9e6cc25287b3c987bf88b305463c00d
snippets/framework--util--class-list.liquid:
  development: 2018-07-06T13:47:40+08:00   a2b0665e1909de18805d066896fbf449
snippets/framework--x-menu.liquid:
  development: 2018-07-06T13:47:40+08:00   01916e7d15238859b5cbde5fc08cf213
snippets/framework--y-menu.liquid:
  development: 2018-07-06T13:47:40+08:00   4a5abeb50cd375f5c09cf7f20ea819b0
snippets/iStock-notify-me.bak.liquid:
  development: 2018-07-09T13:16:18+08:00   65c49cbf083c553b16baaeb13eb0e285
snippets/iStock-notify-me.liquid:
  development: 2018-07-09T13:59:02+08:00   e0286f2561c34895acde33954a16a8be
snippets/icon-sprite.svg.liquid:
  development: 2018-07-06T13:47:40+08:00   7ed9235ec7f883fcdd73b8d00b5fad03
snippets/partial--mobile-nav.liquid:
  development: 2018-07-06T13:47:40+08:00   19e0f073312fd607e073189443c7330c
snippets/partial--popup.liquid:
  development: 2018-07-06T13:47:40+08:00   c00bf3fb3574caca93ab3876fced07e5
snippets/partial--product.liquid:
  development: 2018-07-06T13:47:40+08:00   2bf4728e504e759f1355f30d621fdcde
snippets/snippet-article-share.liquid:
  development: 2018-07-06T13:47:40+08:00   d39490ac6604bd5a16c71290584165c0
snippets/snippet-blog-sidebar.liquid:
  development: 2018-07-06T13:47:40+08:00   2eb0eba2bb3ee06da461e73972474e9e
snippets/snippet-breadcrumbs.liquid:
  development: 2018-07-06T13:47:40+08:00   a4f99ae49b265823cab8dafa11f4c8fb
snippets/snippet-cart.liquid:
  development: 2018-07-06T13:47:40+08:00   fac19bb305e6d716a9dde58d4fa2b802
snippets/snippet-collection-item.liquid:
  development: 2018-07-06T13:47:40+08:00   2c74f17b286cf85ab1504c892ef14020
snippets/snippet-collection-placeholder-item.liquid:
  development: 2018-07-06T13:47:41+08:00   d6d9e8a2289d07ff4b4f593b393b0e85
snippets/snippet-currencies.liquid:
  development: 2018-07-06T13:47:41+08:00   2153eb0c107b252520088695a946f415
snippets/snippet-currency-selector.liquid:
  development: 2018-07-06T13:47:41+08:00   74ff76b2c9a166e58e5facb7baf80747
snippets/snippet-default-products.liquid:
  development: 2018-07-06T13:47:41+08:00   77d7af4d0ca8720355709f108a287feb
snippets/snippet-fb-open-graph-tags.liquid:
  development: 2018-07-06T13:47:41+08:00   a9c4baa89f67956b26cabe609e7c5bf1
snippets/snippet-mobile-menu.liquid:
  development: 2018-07-06T13:47:41+08:00   c7f26af57d1be5b9881e3290859a8efa
snippets/snippet-no-blocks.liquid:
  development: 2018-07-06T13:47:41+08:00   dc8a5f8bf3a46fd85a3363112de9487b
snippets/snippet-no-products.liquid:
  development: 2018-07-06T13:47:41+08:00   463ef472965037a20f362058f03c0a09
snippets/snippet-pagination.liquid:
  development: 2018-07-06T13:47:41+08:00   b0bc0e341bf63aea125c055ccad91252
snippets/snippet-product-low-in-stock.liquid:
  development: 2018-07-06T13:47:41+08:00   5a7cf9f644533b24a4d442fef1173af1
snippets/snippet-product-share.liquid:
  development: 2018-07-06T13:47:41+08:00   03d4872c373e49efa639dd837c1d82f7
snippets/snippet-product-unavailable.liquid:
  development: 2018-07-06T13:47:41+08:00   d177eb5a077632b3814b0366416add89
snippets/snippet-promo-bar.liquid:
  development: 2018-07-06T13:47:41+08:00   01a17697a849f75e771c52a3e2cf3fd1
snippets/snippet-quantity.liquid:
  development: 2018-07-06T13:47:41+08:00   4346a197285b8aeca82bb3913b6c4741
snippets/snippet-related-products.liquid:
  development: 2018-07-06T13:47:41+08:00   76773102a84fe07159c6ea4ae3ac8862
snippets/snippet-searchbar-account.liquid:
  development: 2018-07-09T13:36:47+08:00   09e4bd31b20fd6907ea99ef792daffbb
snippets/snippet-size-chart.liquid:
  development: 2018-07-06T13:47:41+08:00   84c666820e94b3acd37e1666f3db0cea
snippets/snippet-social-follow.liquid:
  development: 2018-07-06T13:47:41+08:00   0ee3e517c28a818ba7dac0642c3dfb27
snippets/snippet-store-title.liquid:
  development: 2018-07-06T13:47:41+08:00   ecbf669f4041af13bcf8650904f7aaf4
snippets/snippet-symbol.liquid:
  development: 2018-07-06T13:47:41+08:00   7f6c45f103c29c03c2596dd8bb65c0c1
snippets/snippet-transparent.liquid:
  development: 2018-07-06T13:47:41+08:00   162a091ff7979a13fde15feec3231212
snippets/swym-product-view.liquid:
  development: 2018-07-06T13:47:41+08:00   663b26ad7e7cb8e45e83ebce3ad4d762
snippets/swymSnippet.liquid:
  development: 2018-07-06T13:47:41+08:00   1eaeb09e8986296ed36dfa4ccec5183c
templates/404.liquid:
  development: 2018-07-06T13:47:41+08:00   9687d9be018f69ca8380e45dc9953c77
templates/article.liquid:
  development: 2018-07-06T13:47:41+08:00   357fa64339bd70e38e9308be694cd73d
templates/blog.liquid:
  development: 2018-07-06T13:47:41+08:00   47c2b193635073128d05302ebf0ef481
templates/cart.liquid:
  development: 2018-07-06T13:47:42+08:00   b284d9ac85ad48e74ae329c2690e7ebe
templates/collection.liquid:
  development: 2018-07-06T13:47:42+08:00   7ce266e4a7bce1659eb0602493f34730
templates/customers/account.liquid:
  development: 2018-07-06T13:47:42+08:00   f4d7c05c737189862c9ec27be9e86645
templates/customers/activate_account.liquid:
  development: 2018-07-06T13:47:42+08:00   c86f2c6d76e3e0eb2e4b46b22174b252
templates/customers/addresses.liquid:
  development: 2018-07-06T13:47:42+08:00   2d31e63ea6c4543d489aa8f37d68bd6c
templates/customers/login.liquid:
  development: 2018-07-06T13:47:42+08:00   2e1e7e8ef8cf4397559e7c93613cebe3
templates/customers/order.liquid:
  development: 2018-07-06T13:47:42+08:00   6e62146fb7d1a283cd3c99f15a058411
templates/customers/register.liquid:
  development: 2018-07-06T13:47:42+08:00   7ba8c60eb1f566083757c4990d058f2d
templates/customers/reset_password.liquid:
  development: 2018-07-06T13:47:42+08:00   0f6e1f714999655bdcd6b317dc44a997
templates/gift_card.liquid:
  development: 2018-07-06T13:47:42+08:00   316a2e6a603c63cb94a3ee85168efb28
templates/index.liquid:
  development: 2018-07-06T13:47:42+08:00   f79f45304db08806b224656bf8d56e7c
templates/list-collections.liquid:
  development: 2018-07-06T13:47:42+08:00   c2bc119254942a77aab757ec2a11861d
templates/page.contact.liquid:
  development: 2018-07-06T13:47:42+08:00   47d976148ecbd16bb018740694bbc374
templates/page.full-width.liquid:
  development: 2018-07-06T13:47:42+08:00   a7d02d47172d886d457075655248467f
templates/page.liquid:
  development: 2018-07-06T13:47:42+08:00   7941fbd82bdfe22d280e6f2762234a62
templates/password.liquid:
  development: 2018-07-06T13:47:42+08:00   7b657863e1d60d26f9986ae1eaac1c22
templates/product.liquid:
  development: 2018-07-06T13:47:42+08:00   5033623773c7f8020ee769de8f09d9e9
templates/search.json.liquid:
  development: 2018-07-06T13:47:42+08:00   224a41e0bc8c99bb7b6150298e27a110
templates/search.liquid:
  development: 2018-07-06T13:47:42+08:00   a30e92ac8f2489959793f1044b5f1e9a
